{
  "name": "react-native-photo-view-next",
  "version": "1.7.0",
  "lockfileVersion": 2,
  "requires": true,
  "packages": {
    "": {
      "name": "react-native-photo-view-next",
      "version": "1.7.0",
      "license": "MIT",
      "peerDependencies": {
        "deprecated-react-native-prop-types": "*",
        "prop-types": "*"
      }
    }
  }
}
